
Microsoft Visual Studio Solution File, Format Version 12.00
# Visual Studio Version 17
VisualStudioVersion = 17.14.36518.9
MinimumVisualStudioVersion = 10.0.40219.1
Project("{FAE04EC0-301F-11D3-BF4B-00C04F79EFBC}") = "Presentacion", "Presentacion\Presentacion.csproj", "{536A38B4-F6AF-490F-9AE4-A7A676A5F356}"
EndProject
Project("{FAE04EC0-301F-11D3-BF4B-00C04F79EFBC}") = "Modelo", "Modelo\Modelo.csproj", "{57A49521-9CE1-4A20-9757-656BE079D93D}"
EndProject
Project("{FAE04EC0-301F-11D3-BF4B-00C04F79EFBC}") = "Logica", "Logica\Logica.csproj", "{250C74E8-89CE-4CD7-AA03-025A0F2E7B72}"
EndProject
Project("{FAE04EC0-301F-11D3-BF4B-00C04F79EFBC}") = "Dato", "Dato\Dato.csproj", "{13AB3894-AA2E-4AE7-AAE3-A09EA6138FE2}"
EndProject
Global
	GlobalSection(SolutionConfigurationPlatforms) = preSolution
		Debug|Any CPU = Debug|Any CPU
		Release|Any CPU = Release|Any CPU
	EndGlobalSection
	GlobalSection(ProjectConfigurationPlatforms) = postSolution
		{536A38B4-F6AF-490F-9AE4-A7A676A5F356}.Debug|Any CPU.ActiveCfg = Debug|Any CPU
		{536A38B4-F6AF-490F-9AE4-A7A676A5F356}.Debug|Any CPU.Build.0 = Debug|Any CPU
		{536A38B4-F6AF-490F-9AE4-A7A676A5F356}.Release|Any CPU.ActiveCfg = Release|Any CPU
		{536A38B4-F6AF-490F-9AE4-A7A676A5F356}.Release|Any CPU.Build.0 = Release|Any CPU
		{57A49521-9CE1-4A20-9757-656BE079D93D}.Debug|Any CPU.ActiveCfg = Debug|Any CPU
		{57A49521-9CE1-4A20-9757-656BE079D93D}.Debug|Any CPU.Build.0 = Debug|Any CPU
		{57A49521-9CE1-4A20-9757-656BE079D93D}.Release|Any CPU.ActiveCfg = Release|Any CPU
		{57A49521-9CE1-4A20-9757-656BE079D93D}.Release|Any CPU.Build.0 = Release|Any CPU
		{250C74E8-89CE-4CD7-AA03-025A0F2E7B72}.Debug|Any CPU.ActiveCfg = Debug|Any CPU
		{250C74E8-89CE-4CD7-AA03-025A0F2E7B72}.Debug|Any CPU.Build.0 = Debug|Any CPU
		{250C74E8-89CE-4CD7-AA03-025A0F2E7B72}.Release|Any CPU.ActiveCfg = Release|Any CPU
		{250C74E8-89CE-4CD7-AA03-025A0F2E7B72}.Release|Any CPU.Build.0 = Release|Any CPU
		{13AB3894-AA2E-4AE7-AAE3-A09EA6138FE2}.Debug|Any CPU.ActiveCfg = Debug|Any CPU
		{13AB3894-AA2E-4AE7-AAE3-A09EA6138FE2}.Debug|Any CPU.Build.0 = Debug|Any CPU
		{13AB3894-AA2E-4AE7-AAE3-A09EA6138FE2}.Release|Any CPU.ActiveCfg = Release|Any CPU
		{13AB3894-AA2E-4AE7-AAE3-A09EA6138FE2}.Release|Any CPU.Build.0 = Release|Any CPU
	EndGlobalSection
	GlobalSection(SolutionProperties) = preSolution
		HideSolutionNode = FALSE
	EndGlobalSection
	GlobalSection(ExtensibilityGlobals) = postSolution
		SolutionGuid = {B75A6E63-7365-4F14-99EA-9446B4DAB55D}
	EndGlobalSection
EndGlobal
